
Microsoft Visual Studio Solution File, Format Version 12.00
# Visual Studio Version 16
VisualStudioVersion = 16.0.29728.190
MinimumVisualStudioVersion = 10.0.40219.1
Project("{FAE04EC0-301F-11D3-BF4B-00C04F79EFBC}") = "RegistroConDetalle", "RegistroConDetalle.csproj", "{B3ED3343-8A2B-4C51-83FC-D1652E5D4B8B}"
EndProject
Global
	GlobalSection(SolutionConfigurationPlatforms) = preSolution
		Debug|Any CPU = Debug|Any CPU
		Release|Any CPU = Release|Any CPU
	EndGlobalSection
	GlobalSection(ProjectConfigurationPlatforms) = postSolution
		{B3ED3343-8A2B-4C51-83FC-D1652E5D4B8B}.Debug|Any CPU.ActiveCfg = Debug|Any CPU
		{B3ED3343-8A2B-4C51-83FC-D1652E5D4B8B}.Debug|Any CPU.Build.0 = Debug|Any CPU
		{B3ED3343-8A2B-4C51-83FC-D1652E5D4B8B}.Release|Any CPU.ActiveCfg = Release|Any CPU
		{B3ED3343-8A2B-4C51-83FC-D1652E5D4B8B}.Release|Any CPU.Build.0 = Release|Any CPU
	EndGlobalSection
	GlobalSection(SolutionProperties) = preSolution
		HideSolutionNode = FALSE
	EndGlobalSection
	GlobalSection(ExtensibilityGlobals) = postSolution
		SolutionGuid = {EA783373-19E6-421E-995B-40FDEADE8699}
	EndGlobalSection
EndGlobal
